PODS:
  - SwiftCharts (0.6.3)

DEPENDENCIES:
  - SwiftCharts (from `https://github.com/i-schuetz/SwiftCharts.git`)

EXTERNAL SOURCES:
  SwiftCharts:
    :git: https://github.com/i-schuetz/SwiftCharts.git

CHECKOUT OPTIONS:
  SwiftCharts:
    :commit: 9e80cc9e4785e9c64a5b0d0cce4cae87f3d5635f
    :git: https://github.com/i-schuetz/SwiftCharts.git

SPEC CHECKSUMS:
  SwiftCharts: 1535b5e228702af2c9c4d60c2a408f2f0f579fa8

PODFILE CHECKSUM: 6734407b74ccf48e1e5ee5de68c9bfb2f327aae5

COCOAPODS: 1.5.2
