// !$*UTF8*$!
{
	archiveVersion = 1;
	classes = {
	};
	objectVersion = 51;
	objects = {

/* Begin PBXBuildFile section */
		370F921520BD61C90081C570 /* GlucoseMO.swift in Sources */ = {isa = PBXBuildFile; fileRef = 370F921420BD61C90081C570 /* GlucoseMO.swift */; };
		370F921720BD637B0081C570 /* Insulin.swift in Sources */ = {isa = PBXBuildFile; fileRef = 370F921620BD637B0081C570 /* Insulin.swift */; };
		3712A23A20C566DD006DB63C /* Illness.swift in Sources */ = {isa = PBXBuildFile; fileRef = 3712A23920C566DD006DB63C /* Illness.swift */; };
		3712A23C20C566FF006DB63C /* Stress.swift in Sources */ = {isa = PBXBuildFile; fileRef = 3712A23B20C566FF006DB63C /* Stress.swift */; };
		3718079520B818ED00D7C81A /* Exercise.swift in Sources */ = {isa = PBXBuildFile; fileRef = 3718079420B818ED00D7C81A /* Exercise.swift */; };
		3718079B20B81E2100D7C81A /* Meals.swift in Sources */ = {isa = PBXBuildFile; fileRef = 3718079A20B81E2100D7C81A /* Meals.swift */; };
		3718079D20B81EB300D7C81A /* Day.swift in Sources */ = {isa = PBXBuildFile; fileRef = 3718079C20B81EB300D7C81A /* Day.swift */; };
		371807A320B8500F00D7C81A /* ModelController.swift in Sources */ = {isa = PBXBuildFile; fileRef = 371807A220B8500F00D7C81A /* ModelController.swift */; };
		3718B85C20AC99B6006F1A47 /* ViewControllerFood.swift in Sources */ = {isa = PBXBuildFile; fileRef = 3718B85B20AC99B6006F1A47 /* ViewControllerFood.swift */; };
		3718B85E20AC9A2A006F1A47 /* ViewControllerAdvice.swift in Sources */ = {isa = PBXBuildFile; fileRef = 3718B85D20AC9A2A006F1A47 /* ViewControllerAdvice.swift */; };
		3718B86020AC9A42006F1A47 /* ViewControllerExercise.swift in Sources */ = {isa = PBXBuildFile; fileRef = 3718B85F20AC9A42006F1A47 /* ViewControllerExercise.swift */; };
		3718B86220AC9A60006F1A47 /* ViewControllerHealth.swift in Sources */ = {isa = PBXBuildFile; fileRef = 3718B86120AC9A60006F1A47 /* ViewControllerHealth.swift */; };
		3718B86420AC9A75006F1A47 /* ViewControllerGraph.swift in Sources */ = {isa = PBXBuildFile; fileRef = 3718B86320AC9A75006F1A47 /* ViewControllerGraph.swift */; };
		3718B86620AC9CE3006F1A47 /* ViewControllerMain.swift in Sources */ = {isa = PBXBuildFile; fileRef = 3718B86520AC9CE3006F1A47 /* ViewControllerMain.swift */; };
		3718C31A22A56F5200BC7206 /* UserSettingsController.swift in Sources */ = {isa = PBXBuildFile; fileRef = 3718C31922A56F5200BC7206 /* UserSettingsController.swift */; };
		3718C31C22A6C0F200BC7206 /* Settings.swift in Sources */ = {isa = PBXBuildFile; fileRef = 3718C31B22A6C0F200BC7206 /* Settings.swift */; };
		3718C31E22A6D09200BC7206 /* ModelFunctions.swift in Sources */ = {isa = PBXBuildFile; fileRef = 3718C31D22A6D09200BC7206 /* ModelFunctions.swift */; };
		372141E621F52DD800B8627F /* ABC4001_CGM_6m_I.csv in Resources */ = {isa = PBXBuildFile; fileRef = 372141E421F52DD800B8627F /* ABC4001_CGM_6m_I.csv */; };
		372141E721F52DD800B8627F /* ABC4001_log_final_I.csv in Resources */ = {isa = PBXBuildFile; fileRef = 372141E521F52DD800B8627F /* ABC4001_log_final_I.csv */; };
		372141EA21F5319100B8627F /* CSVreader.swift in Sources */ = {isa = PBXBuildFile; fileRef = 372141E921F5319100B8627F /* CSVreader.swift */; };
		3723CA4B220B210500380050 /* EmpaticaViewController.swift in Sources */ = {isa = PBXBuildFile; fileRef = 3723CA4A220B210500380050 /* EmpaticaViewController.swift */; };
		3723CA4E220B23D500380050 /* E4link.framework in Frameworks */ = {isa = PBXBuildFile; fileRef = 3723CA4C220B239600380050 /* E4link.framework */; };
		3723CA54220B26D800380050 /* Accelerate.framework in Frameworks */ = {isa = PBXBuildFile; fileRef = 3723CA53220B26D800380050 /* Accelerate.framework */; };
		373B5AB4229648BD001D8F0D /* Temperature.swift in Sources */ = {isa = PBXBuildFile; fileRef = 373B5AB3229648BD001D8F0D /* Temperature.swift */; };
		373B5AB722964B75001D8F0D /* Tag.swift in Sources */ = {isa = PBXBuildFile; fileRef = 373B5AB622964B75001D8F0D /* Tag.swift */; };
		373B5AB922964B93001D8F0D /* HR.swift in Sources */ = {isa = PBXBuildFile; fileRef = 373B5AB822964B93001D8F0D /* HR.swift */; };
		373B5ABB22964BA3001D8F0D /* BVP.swift in Sources */ = {isa = PBXBuildFile; fileRef = 373B5ABA22964BA3001D8F0D /* BVP.swift */; };
		373B5ABD22964BBA001D8F0D /* IBI.swift in Sources */ = {isa = PBXBuildFile; fileRef = 373B5ABC22964BBA001D8F0D /* IBI.swift */; };
		373B5ABF22964BCB001D8F0D /* GSR.swift in Sources */ = {isa = PBXBuildFile; fileRef = 373B5ABE22964BCB001D8F0D /* GSR.swift */; };
		373B5AC122964CD9001D8F0D /* EmpaticaModelController.swift in Sources */ = {isa = PBXBuildFile; fileRef = 373B5AC022964CD9001D8F0D /* EmpaticaModelController.swift */; };
		373B5AC32296668C001D8F0D /* Acc.swift in Sources */ = {isa = PBXBuildFile; fileRef = 373B5AC22296668C001D8F0D /* Acc.swift */; };
		373B5AC522969705001D8F0D /* NetworkController.swift in Sources */ = {isa = PBXBuildFile; fileRef = 373B5AC422969705001D8F0D /* NetworkController.swift */; };
		373B5AC7229D6B5D001D8F0D /* MLController.swift in Sources */ = {isa = PBXBuildFile; fileRef = 373B5AC6229D6B5D001D8F0D /* MLController.swift */; };
		373B5AC9229DA979001D8F0D /* model.tflite in Resources */ = {isa = PBXBuildFile; fileRef = 373B5AC8229DA4B5001D8F0D /* model.tflite */; };
		373B5ACD229F0FC3001D8F0D /* model2.tflite in Resources */ = {isa = PBXBuildFile; fileRef = 373B5ACC229F0FBC001D8F0D /* model2.tflite */; };
		373B5AD722A1EC7C001D8F0D /* ARISESTests.swift in Sources */ = {isa = PBXBuildFile; fileRef = 373B5AD622A1EC7C001D8F0D /* ARISESTests.swift */; };
		373B5AFC22A2F0E5001D8F0D /* meal2.txt in Resources */ = {isa = PBXBuildFile; fileRef = 373B5AFB22A2F0E5001D8F0D /* meal2.txt */; };
		373B5AFE22A2F0EB001D8F0D /* time3.txt in Resources */ = {isa = PBXBuildFile; fileRef = 373B5AFD22A2F0EB001D8F0D /* time3.txt */; };
		373B5B0022A2F0F6001D8F0D /* cgm0.txt in Resources */ = {isa = PBXBuildFile; fileRef = 373B5AFF22A2F0F6001D8F0D /* cgm0.txt */; };
		373B5B0222A2F0FC001D8F0D /* insulin1.txt in Resources */ = {isa = PBXBuildFile; fileRef = 373B5B0122A2F0FC001D8F0D /* insulin1.txt */; };
		373B5B0422A2F853001D8F0D /* pred.txt in Resources */ = {isa = PBXBuildFile; fileRef = 373B5B0322A2F853001D8F0D /* pred.txt */; };
		373B5B0C22A30930001D8F0D /* pred_ind.txt in Resources */ = {isa = PBXBuildFile; fileRef = 373B5B0B22A30930001D8F0D /* pred_ind.txt */; };
		373B5B0E22A309A4001D8F0D /* converted_model.tflite in Resources */ = {isa = PBXBuildFile; fileRef = 373B5B0D22A30945001D8F0D /* converted_model.tflite */; };
		373B5B1022A317D2001D8F0D /* ourPred.txt in Resources */ = {isa = PBXBuildFile; fileRef = 373B5B0F22A317D2001D8F0D /* ourPred.txt */; };
		375587C6209E086C00594532 /* AppDelegate.swift in Sources */ = {isa = PBXBuildFile; fileRef = 375587C5209E086C00594532 /* AppDelegate.swift */; };
		375587CB209E086C00594532 /* Main.storyboard in Resources */ = {isa = PBXBuildFile; fileRef = 375587C9209E086C00594532 /* Main.storyboard */; };
		375587CD209E086D00594532 /* Assets.xcassets in Resources */ = {isa = PBXBuildFile; fileRef = 375587CC209E086D00594532 /* Assets.xcassets */; };
		375587D0209E086D00594532 /* LaunchScreen.storyboard in Resources */ = {isa = PBXBuildFile; fileRef = 375587CE209E086D00594532 /* LaunchScreen.storyboard */; };
		378658AE20AC675D007C13B2 /* ViewControllerTableViewCell.swift in Sources */ = {isa = PBXBuildFile; fileRef = 378658AD20AC675D007C13B2 /* ViewControllerTableViewCell.swift */; };
		379651942202645700B8EB09 /* HKUnit.swift in Sources */ = {isa = PBXBuildFile; fileRef = 379651622202645700B8EB09 /* HKUnit.swift */; };
		379651952202645700B8EB09 /* Data.swift in Sources */ = {isa = PBXBuildFile; fileRef = 379651632202645700B8EB09 /* Data.swift */; };
		379651962202645700B8EB09 /* TransmitterTimeRxMessage.swift in Sources */ = {isa = PBXBuildFile; fileRef = 379651672202645700B8EB09 /* TransmitterTimeRxMessage.swift */; };
		379651972202645700B8EB09 /* TransmitterVersionTxMessage.swift in Sources */ = {isa = PBXBuildFile; fileRef = 379651682202645700B8EB09 /* TransmitterVersionTxMessage.swift */; };
		379651982202645700B8EB09 /* TransmitterMessage.swift in Sources */ = {isa = PBXBuildFile; fileRef = 379651692202645700B8EB09 /* TransmitterMessage.swift */; };
		379651992202645700B8EB09 /* AuthRequestTxMessage.swift in Sources */ = {isa = PBXBuildFile; fileRef = 3796516A2202645700B8EB09 /* AuthRequestTxMessage.swift */; };
		3796519A2202645700B8EB09 /* AuthChallengeTxMessage.swift in Sources */ = {isa = PBXBuildFile; fileRef = 3796516B2202645700B8EB09 /* AuthChallengeTxMessage.swift */; };
		3796519B2202645700B8EB09 /* BatteryStatusTxMessage.swift in Sources */ = {isa = PBXBuildFile; fileRef = 3796516C2202645700B8EB09 /* BatteryStatusTxMessage.swift */; };
		3796519C2202645700B8EB09 /* CalibrateGlucoseTxMessage.swift in Sources */ = {isa = PBXBuildFile; fileRef = 3796516D2202645700B8EB09 /* CalibrateGlucoseTxMessage.swift */; };
		3796519D2202645700B8EB09 /* GlucoseBackfillMessage.swift in Sources */ = {isa = PBXBuildFile; fileRef = 3796516E2202645700B8EB09 /* GlucoseBackfillMessage.swift */; };
		3796519E2202645700B8EB09 /* SessionStopTxMessage.swift in Sources */ = {isa = PBXBuildFile; fileRef = 3796516F2202645700B8EB09 /* SessionStopTxMessage.swift */; };
		3796519F2202645700B8EB09 /* GlucoseRxMessage.swift in Sources */ = {isa = PBXBuildFile; fileRef = 379651702202645700B8EB09 /* GlucoseRxMessage.swift */; };
		379651A02202645700B8EB09 /* BondRequestTxMessage.swift in Sources */ = {isa = PBXBuildFile; fileRef = 379651712202645700B8EB09 /* BondRequestTxMessage.swift */; };
		379651A12202645700B8EB09 /* SessionStartRxMessage.swift in Sources */ = {isa = PBXBuildFile; fileRef = 379651722202645700B8EB09 /* SessionStartRxMessage.swift */; };
		379651A22202645700B8EB09 /* CalibrationDataTxMessage.swift in Sources */ = {isa = PBXBuildFile; fileRef = 379651732202645700B8EB09 /* CalibrationDataTxMessage.swift */; };
		379651A32202645700B8EB09 /* GlucoseHistoryTxMessage.swift in Sources */ = {isa = PBXBuildFile; fileRef = 379651742202645700B8EB09 /* GlucoseHistoryTxMessage.swift */; };
		379651A42202645700B8EB09 /* SessionStartTxMessage.swift in Sources */ = {isa = PBXBuildFile; fileRef = 379651752202645700B8EB09 /* SessionStartTxMessage.swift */; };
		379651A52202645700B8EB09 /* CalibrationDataRxMessage.swift in Sources */ = {isa = PBXBuildFile; fileRef = 379651762202645700B8EB09 /* CalibrationDataRxMessage.swift */; };
		379651A62202645700B8EB09 /* SessionStopRxMessage.swift in Sources */ = {isa = PBXBuildFile; fileRef = 379651772202645700B8EB09 /* SessionStopRxMessage.swift */; };
		379651A72202645700B8EB09 /* GlucoseTxMessage.swift in Sources */ = {isa = PBXBuildFile; fileRef = 379651782202645700B8EB09 /* GlucoseTxMessage.swift */; };
		379651A82202645700B8EB09 /* ResetMessage.swift in Sources */ = {isa = PBXBuildFile; fileRef = 379651792202645700B8EB09 /* ResetMessage.swift */; };
		379651A92202645700B8EB09 /* AuthRequestRxMessage.swift in Sources */ = {isa = PBXBuildFile; fileRef = 3796517A2202645700B8EB09 /* AuthRequestRxMessage.swift */; };
		379651AA2202645700B8EB09 /* TransmitterVersionRxMessage.swift in Sources */ = {isa = PBXBuildFile; fileRef = 3796517B2202645700B8EB09 /* TransmitterVersionRxMessage.swift */; };
		379651AB2202645700B8EB09 /* TransmitterTimeTxMessage.swift in Sources */ = {isa = PBXBuildFile; fileRef = 3796517C2202645700B8EB09 /* TransmitterTimeTxMessage.swift */; };
		379651AC2202645700B8EB09 /* KeepAliveTxMessage.swift in Sources */ = {isa = PBXBuildFile; fileRef = 3796517D2202645700B8EB09 /* KeepAliveTxMessage.swift */; };
		379651AD2202645700B8EB09 /* FirmwareVersionTxMessage.swift in Sources */ = {isa = PBXBuildFile; fileRef = 3796517E2202645700B8EB09 /* FirmwareVersionTxMessage.swift */; };
		379651AE2202645700B8EB09 /* AuthChallengeRxMessage.swift in Sources */ = {isa = PBXBuildFile; fileRef = 3796517F2202645700B8EB09 /* AuthChallengeRxMessage.swift */; };
		379651AF2202645700B8EB09 /* CalibrateGlucoseRxMessage.swift in Sources */ = {isa = PBXBuildFile; fileRef = 379651802202645700B8EB09 /* CalibrateGlucoseRxMessage.swift */; };
		379651B02202645700B8EB09 /* DisconnectTxMessage.swift in Sources */ = {isa = PBXBuildFile; fileRef = 379651812202645700B8EB09 /* DisconnectTxMessage.swift */; };
		379651B12202645700B8EB09 /* AESCrypt.m in Sources */ = {isa = PBXBuildFile; fileRef = 379651822202645700B8EB09 /* AESCrypt.m */; };
		379651B22202645700B8EB09 /* BluetoothManager.swift in Sources */ = {isa = PBXBuildFile; fileRef = 379651832202645700B8EB09 /* BluetoothManager.swift */; };
		379651B32202645700B8EB09 /* Opcode.swift in Sources */ = {isa = PBXBuildFile; fileRef = 379651842202645700B8EB09 /* Opcode.swift */; };
		379651B42202645700B8EB09 /* TransmitterStatus.swift in Sources */ = {isa = PBXBuildFile; fileRef = 379651852202645700B8EB09 /* TransmitterStatus.swift */; };
		379651B52202645700B8EB09 /* Command.swift in Sources */ = {isa = PBXBuildFile; fileRef = 379651862202645700B8EB09 /* Command.swift */; };
		379651B62202645700B8EB09 /* Transmitter.swift in Sources */ = {isa = PBXBuildFile; fileRef = 379651872202645700B8EB09 /* Transmitter.swift */; };
		379651B72202645700B8EB09 /* CBPeripheral.swift in Sources */ = {isa = PBXBuildFile; fileRef = 379651892202645700B8EB09 /* CBPeripheral.swift */; };
		379651B82202645700B8EB09 /* BluetoothServices.swift in Sources */ = {isa = PBXBuildFile; fileRef = 3796518A2202645700B8EB09 /* BluetoothServices.swift */; };
		379651B92202645700B8EB09 /* CalibrationState.swift in Sources */ = {isa = PBXBuildFile; fileRef = 3796518B2202645700B8EB09 /* CalibrationState.swift */; };
		379651BA2202645700B8EB09 /* Calibration.swift in Sources */ = {isa = PBXBuildFile; fileRef = 3796518C2202645700B8EB09 /* Calibration.swift */; };
		379651BB2202645700B8EB09 /* NSData+CRC.swift in Sources */ = {isa = PBXBuildFile; fileRef = 3796518E2202645700B8EB09 /* NSData+CRC.swift */; };
		379651BC2202645700B8EB09 /* PeripheralManagerError.swift in Sources */ = {isa = PBXBuildFile; fileRef = 3796518F2202645700B8EB09 /* PeripheralManagerError.swift */; };
		379651BD2202645700B8EB09 /* PeripheralManager.swift in Sources */ = {isa = PBXBuildFile; fileRef = 379651902202645700B8EB09 /* PeripheralManager.swift */; };
		379651BE2202645700B8EB09 /* OSLog.swift in Sources */ = {isa = PBXBuildFile; fileRef = 379651912202645700B8EB09 /* OSLog.swift */; };
		379651BF2202645700B8EB09 /* PeripheralManager+G5.swift in Sources */ = {isa = PBXBuildFile; fileRef = 379651922202645700B8EB09 /* PeripheralManager+G5.swift */; };
		379651C02202645700B8EB09 /* Glucose.swift in Sources */ = {isa = PBXBuildFile; fileRef = 379651932202645700B8EB09 /* Glucose.swift */; };
		379651C22202654E00B8EB09 /* NSUserDefaults.swift in Sources */ = {isa = PBXBuildFile; fileRef = 379651C12202654E00B8EB09 /* NSUserDefaults.swift */; };
		379651C4220267D300B8EB09 /* CommandQueue.swift in Sources */ = {isa = PBXBuildFile; fileRef = 379651C3220267D300B8EB09 /* CommandQueue.swift */; };
		37A8629821F7A3E500D4E8AB /* ChartXAxisFormatter.swift in Sources */ = {isa = PBXBuildFile; fileRef = 37A8629721F7A3E500D4E8AB /* ChartXAxisFormatter.swift */; };
		37B3716220B47EF20048A942 /* PersistenceService.swift in Sources */ = {isa = PBXBuildFile; fileRef = 37B3716120B47EF20048A942 /* PersistenceService.swift */; };
		37B568BB20B485600014F735 /* ARISES.xcdatamodeld in Sources */ = {isa = PBXBuildFile; fileRef = 37B568B920B485600014F735 /* ARISES.xcdatamodeld */; };
		37CFC5D120BEDD250051FDFC /* IndicatorControllerFood.swift in Sources */ = {isa = PBXBuildFile; fileRef = 37CFC5D020BEDD250051FDFC /* IndicatorControllerFood.swift */; };
		37FEE41A22026FFB00FF4679 /* SettingsController.swift in Sources */ = {isa = PBXBuildFile; fileRef = 37FEE41922026FFB00FF4679 /* SettingsController.swift */; };
		ABD020E52CA29F699278CB2F /* libPods-ARISESTests.a in Frameworks */ = {isa = PBXBuildFile; fileRef = 4B8557F12C2A6F761827B2CB /* libPods-ARISESTests.a */; };
		B295C3A713E40AA46AFB2A98 /* Pods_ARISES.framework in Frameworks */ = {isa = PBXBuildFile; fileRef = E2689104CECA461FCD255CC7 /* Pods_ARISES.framework */; };
		BB0C55C520BC66E9003F46CE /* Favourites.swift in Sources */ = {isa = PBXBuildFile; fileRef = BB0C55BE20BC66E9003F46CE /* Favourites.swift */; };
/* End PBXBuildFile section */

/* Begin PBXContainerItemProxy section */
		373B5AD922A1EC7C001D8F0D /* PBXContainerItemProxy */ = {
			isa = PBXContainerItemProxy;
			containerPortal = 375587BA209E086C00594532 /* Project object */;
			proxyType = 1;
			remoteGlobalIDString = 375587C1209E086C00594532;
			remoteInfo = ARISES;
		};
/* End PBXContainerItemProxy section */

/* Begin PBXCopyFilesBuildPhase section */
		3712A25020C583D8006DB63C /* Embed App Extensions */ = {
			isa = PBXCopyFilesBuildPhase;
			buildActionMask = 2147483647;
			dstPath = "";
			dstSubfolderSpec = 13;
			files = (
			);
			name = "Embed App Extensions";
			runOnlyForDeploymentPostprocessing = 0;
		};
/* End PBXCopyFilesBuildPhase section */

/* Begin PBXFileReference section */
		370F921420BD61C90081C570 /* GlucoseMO.swift */ = {isa = PBXFileReference; lastKnownFileType = sourcecode.swift; path = GlucoseMO.swift; sourceTree = "<group>"; };
		370F921620BD637B0081C570 /* Insulin.swift */ = {isa = PBXFileReference; lastKnownFileType = sourcecode.swift; path = Insulin.swift; sourceTree = "<group>"; };
		3712A23920C566DD006DB63C /* Illness.swift */ = {isa = PBXFileReference; lastKnownFileType = sourcecode.swift; path = Illness.swift; sourceTree = "<group>"; };
		3712A23B20C566FF006DB63C /* Stress.swift */ = {isa = PBXFileReference; lastKnownFileType = sourcecode.swift; path = Stress.swift; sourceTree = "<group>"; };
		3718079420B818ED00D7C81A /* Exercise.swift */ = {isa = PBXFileReference; lastKnownFileType = sourcecode.swift; path = Exercise.swift; sourceTree = "<group>"; };
		3718079A20B81E2100D7C81A /* Meals.swift */ = {isa = PBXFileReference; lastKnownFileType = sourcecode.swift; path = Meals.swift; sourceTree = "<group>"; };
		3718079C20B81EB300D7C81A /* Day.swift */ = {isa = PBXFileReference; lastKnownFileType = sourcecode.swift; path = Day.swift; sourceTree = "<group>"; };
		371807A220B8500F00D7C81A /* ModelController.swift */ = {isa = PBXFileReference; lastKnownFileType = sourcecode.swift; path = ModelController.swift; sourceTree = "<group>"; };
		3718B85B20AC99B6006F1A47 /* ViewControllerFood.swift */ = {isa = PBXFileReference; lastKnownFileType = sourcecode.swift; path = ViewControllerFood.swift; sourceTree = "<group>"; };
		3718B85D20AC9A2A006F1A47 /* ViewControllerAdvice.swift */ = {isa = PBXFileReference; lastKnownFileType = sourcecode.swift; path = ViewControllerAdvice.swift; sourceTree = "<group>"; };
		3718B85F20AC9A42006F1A47 /* ViewControllerExercise.swift */ = {isa = PBXFileReference; lastKnownFileType = sourcecode.swift; path = ViewControllerExercise.swift; sourceTree = "<group>"; };
		3718B86120AC9A60006F1A47 /* ViewControllerHealth.swift */ = {isa = PBXFileReference; lastKnownFileType = sourcecode.swift; path = ViewControllerHealth.swift; sourceTree = "<group>"; };
		3718B86320AC9A75006F1A47 /* ViewControllerGraph.swift */ = {isa = PBXFileReference; lastKnownFileType = sourcecode.swift; path = ViewControllerGraph.swift; sourceTree = "<group>"; };
		3718B86520AC9CE3006F1A47 /* ViewControllerMain.swift */ = {isa = PBXFileReference; lastKnownFileType = sourcecode.swift; path = ViewControllerMain.swift; sourceTree = "<group>"; };
		3718C31922A56F5200BC7206 /* UserSettingsController.swift */ = {isa = PBXFileReference; lastKnownFileType = sourcecode.swift; path = UserSettingsController.swift; sourceTree = "<group>"; };
		3718C31B22A6C0F200BC7206 /* Settings.swift */ = {isa = PBXFileReference; lastKnownFileType = sourcecode.swift; path = Settings.swift; sourceTree = "<group>"; };
		3718C31D22A6D09200BC7206 /* ModelFunctions.swift */ = {isa = PBXFileReference; fileEncoding = 4; lastKnownFileType = sourcecode.swift; path = ModelFunctions.swift; sourceTree = "<group>"; };
		372141E421F52DD800B8627F /* ABC4001_CGM_6m_I.csv */ = {isa = PBXFileReference; fileEncoding = 4; lastKnownFileType = text; path = ABC4001_CGM_6m_I.csv; sourceTree = "<group>"; };
		372141E521F52DD800B8627F /* ABC4001_log_final_I.csv */ = {isa = PBXFileReference; fileEncoding = 4; lastKnownFileType = text; path = ABC4001_log_final_I.csv; sourceTree = "<group>"; };
		372141E921F5319100B8627F /* CSVreader.swift */ = {isa = PBXFileReference; lastKnownFileType = sourcecode.swift; path = CSVreader.swift; sourceTree = "<group>"; };
		3723CA4A220B210500380050 /* EmpaticaViewController.swift */ = {isa = PBXFileReference; fileEncoding = 4; lastKnownFileType = sourcecode.swift; path = EmpaticaViewController.swift; sourceTree = "<group>"; };
		3723CA4C220B239600380050 /* E4link.framework */ = {isa = PBXFileReference; lastKnownFileType = wrapper.framework; name = E4link.framework; path = Pods/../E4link.framework; sourceTree = "<group>"; };
		3723CA4F220B257700380050 /* CoreBluetooth.framework */ = {isa = PBXFileReference; lastKnownFileType = wrapper.framework; name = CoreBluetooth.framework; path = System/Library/Frameworks/CoreBluetooth.framework; sourceTree = SDKROOT; };
		3723CA53220B26D800380050 /* Accelerate.framework */ = {isa = PBXFileReference; lastKnownFileType = wrapper.framework; name = Accelerate.framework; path = System/Library/Frameworks/Accelerate.framework; sourceTree = SDKROOT; };
		373B5AB3229648BD001D8F0D /* Temperature.swift */ = {isa = PBXFileReference; lastKnownFileType = sourcecode.swift; path = Temperature.swift; sourceTree = "<group>"; };
		373B5AB622964B75001D8F0D /* Tag.swift */ = {isa = PBXFileReference; lastKnownFileType = sourcecode.swift; path = Tag.swift; sourceTree = "<group>"; };
		373B5AB822964B93001D8F0D /* HR.swift */ = {isa = PBXFileReference; lastKnownFileType = sourcecode.swift; path = HR.swift; sourceTree = "<group>"; };
		373B5ABA22964BA3001D8F0D /* BVP.swift */ = {isa = PBXFileReference; lastKnownFileType = sourcecode.swift; path = BVP.swift; sourceTree = "<group>"; };
		373B5ABC22964BBA001D8F0D /* IBI.swift */ = {isa = PBXFileReference; lastKnownFileType = sourcecode.swift; path = IBI.swift; sourceTree = "<group>"; };
		373B5ABE22964BCB001D8F0D /* GSR.swift */ = {isa = PBXFileReference; lastKnownFileType = sourcecode.swift; path = GSR.swift; sourceTree = "<group>"; };
		373B5AC022964CD9001D8F0D /* EmpaticaModelController.swift */ = {isa = PBXFileReference; lastKnownFileType = sourcecode.swift; path = EmpaticaModelController.swift; sourceTree = "<group>"; };
		373B5AC22296668C001D8F0D /* Acc.swift */ = {isa = PBXFileReference; lastKnownFileType = sourcecode.swift; path = Acc.swift; sourceTree = "<group>"; };
		373B5AC422969705001D8F0D /* NetworkController.swift */ = {isa = PBXFileReference; lastKnownFileType = sourcecode.swift; name = NetworkController.swift; path = ARISES/NetworkController.swift; sourceTree = SOURCE_ROOT; };
		373B5AC6229D6B5D001D8F0D /* MLController.swift */ = {isa = PBXFileReference; lastKnownFileType = sourcecode.swift; path = MLController.swift; sourceTree = "<group>"; };
		373B5AC8229DA4B5001D8F0D /* model.tflite */ = {isa = PBXFileReference; lastKnownFileType = file; path = model.tflite; sourceTree = "<group>"; };
		373B5ACC229F0FBC001D8F0D /* model2.tflite */ = {isa = PBXFileReference; lastKnownFileType = file; path = model2.tflite; sourceTree = "<group>"; };
		373B5AD422A1EC7B001D8F0D /* ARISESTests.xctest */ = {isa = PBXFileReference; explicitFileType = wrapper.cfbundle; includeInIndex = 0; path = ARISESTests.xctest; sourceTree = BUILT_PRODUCTS_DIR; };
		373B5AD622A1EC7C001D8F0D /* ARISESTests.swift */ = {isa = PBXFileReference; lastKnownFileType = sourcecode.swift; path = ARISESTests.swift; sourceTree = "<group>"; };
		373B5AD822A1EC7C001D8F0D /* Info.plist */ = {isa = PBXFileReference; lastKnownFileType = text.plist.xml; path = Info.plist; sourceTree = "<group>"; };
		373B5AFB22A2F0E5001D8F0D /* meal2.txt */ = {isa = PBXFileReference; fileEncoding = 4; lastKnownFileType = text; path = meal2.txt; sourceTree = "<group>"; };
		373B5AFD22A2F0EB001D8F0D /* time3.txt */ = {isa = PBXFileReference; fileEncoding = 4; lastKnownFileType = text; path = time3.txt; sourceTree = "<group>"; };
		373B5AFF22A2F0F6001D8F0D /* cgm0.txt */ = {isa = PBXFileReference; fileEncoding = 4; lastKnownFileType = text; path = cgm0.txt; sourceTree = "<group>"; };
		373B5B0122A2F0FC001D8F0D /* insulin1.txt */ = {isa = PBXFileReference; fileEncoding = 4; lastKnownFileType = text; path = insulin1.txt; sourceTree = "<group>"; };
		373B5B0322A2F853001D8F0D /* pred.txt */ = {isa = PBXFileReference; fileEncoding = 4; lastKnownFileType = text; path = pred.txt; sourceTree = "<group>"; };
		373B5B0B22A30930001D8F0D /* pred_ind.txt */ = {isa = PBXFileReference; fileEncoding = 4; lastKnownFileType = text; path = pred_ind.txt; sourceTree = "<group>"; };
		373B5B0D22A30945001D8F0D /* converted_model.tflite */ = {isa = PBXFileReference; lastKnownFileType = file; path = converted_model.tflite; sourceTree = "<group>"; };
		373B5B0F22A317D2001D8F0D /* ourPred.txt */ = {isa = PBXFileReference; lastKnownFileType = text; path = ourPred.txt; sourceTree = "<group>"; };
		375587C2209E086C00594532 /* ARISES.app */ = {isa = PBXFileReference; explicitFileType = wrapper.application; includeInIndex = 0; path = ARISES.app; sourceTree = BUILT_PRODUCTS_DIR; };
		375587C5209E086C00594532 /* AppDelegate.swift */ = {isa = PBXFileReference; lastKnownFileType = sourcecode.swift; path = AppDelegate.swift; sourceTree = "<group>"; };
		375587CA209E086C00594532 /* Base */ = {isa = PBXFileReference; lastKnownFileType = file.storyboard; name = Base; path = Base.lproj/Main.storyboard; sourceTree = "<group>"; };
		375587CC209E086D00594532 /* Assets.xcassets */ = {isa = PBXFileReference; lastKnownFileType = folder.assetcatalog; path = Assets.xcassets; sourceTree = "<group>"; };
		375587CF209E086D00594532 /* Base */ = {isa = PBXFileReference; lastKnownFileType = file.storyboard; name = Base; path = Base.lproj/LaunchScreen.storyboard; sourceTree = "<group>"; };
		375587D1209E086D00594532 /* Info.plist */ = {isa = PBXFileReference; lastKnownFileType = text.plist.xml; path = Info.plist; sourceTree = "<group>"; };
		378658AD20AC675D007C13B2 /* ViewControllerTableViewCell.swift */ = {isa = PBXFileReference; lastKnownFileType = sourcecode.swift; path = ViewControllerTableViewCell.swift; sourceTree = "<group>"; };
		379651622202645700B8EB09 /* HKUnit.swift */ = {isa = PBXFileReference; fileEncoding = 4; lastKnownFileType = sourcecode.swift; path = HKUnit.swift; sourceTree = "<group>"; };
		379651632202645700B8EB09 /* Data.swift */ = {isa = PBXFileReference; fileEncoding = 4; lastKnownFileType = sourcecode.swift; path = Data.swift; sourceTree = "<group>"; };
		379651652202645700B8EB09 /* CGMBLEKit.h */ = {isa = PBXFileReference; fileEncoding = 4; lastKnownFileType = sourcecode.c.h; path = CGMBLEKit.h; sourceTree = "<group>"; };
		379651672202645700B8EB09 /* TransmitterTimeRxMessage.swift */ = {isa = PBXFileReference; fileEncoding = 4; lastKnownFileType = sourcecode.swift; path = TransmitterTimeRxMessage.swift; sourceTree = "<group>"; };
		379651682202645700B8EB09 /* TransmitterVersionTxMessage.swift */ = {isa = PBXFileReference; fileEncoding = 4; lastKnownFileType = sourcecode.swift; path = TransmitterVersionTxMessage.swift; sourceTree = "<group>"; };
		379651692202645700B8EB09 /* TransmitterMessage.swift */ = {isa = PBXFileReference; fileEncoding = 4; lastKnownFileType = sourcecode.swift; path = TransmitterMessage.swift; sourceTree = "<group>"; };
		3796516A2202645700B8EB09 /* AuthRequestTxMessage.swift */ = {isa = PBXFileReference; fileEncoding = 4; lastKnownFileType = sourcecode.swift; path = AuthRequestTxMessage.swift; sourceTree = "<group>"; };
		3796516B2202645700B8EB09 /* AuthChallengeTxMessage.swift */ = {isa = PBXFileReference; fileEncoding = 4; lastKnownFileType = sourcecode.swift; path = AuthChallengeTxMessage.swift; sourceTree = "<group>"; };
		3796516C2202645700B8EB09 /* BatteryStatusTxMessage.swift */ = {isa = PBXFileReference; fileEncoding = 4; lastKnownFileType = sourcecode.swift; path = BatteryStatusTxMessage.swift; sourceTree = "<group>"; };
		3796516D2202645700B8EB09 /* CalibrateGlucoseTxMessage.swift */ = {isa = PBXFileReference; fileEncoding = 4; lastKnownFileType = sourcecode.swift; path = CalibrateGlucoseTxMessage.swift; sourceTree = "<group>"; };
		3796516E2202645700B8EB09 /* GlucoseBackfillMessage.swift */ = {isa = PBXFileReference; fileEncoding = 4; lastKnownFileType = sourcecode.swift; path = GlucoseBackfillMessage.swift; sourceTree = "<group>"; };
		3796516F2202645700B8EB09 /* SessionStopTxMessage.swift */ = {isa = PBXFileReference; fileEncoding = 4; lastKnownFileType = sourcecode.swift; path = SessionStopTxMessage.swift; sourceTree = "<group>"; };
		379651702202645700B8EB09 /* GlucoseRxMessage.swift */ = {isa = PBXFileReference; fileEncoding = 4; lastKnownFileType = sourcecode.swift; path = GlucoseRxMessage.swift; sourceTree = "<group>"; };
		379651712202645700B8EB09 /* BondRequestTxMessage.swift */ = {isa = PBXFileReference; fileEncoding = 4; lastKnownFileType = sourcecode.swift; path = BondRequestTxMessage.swift; sourceTree = "<group>"; };
		379651722202645700B8EB09 /* SessionStartRxMessage.swift */ = {isa = PBXFileReference; fileEncoding = 4; lastKnownFileType = sourcecode.swift; path = SessionStartRxMessage.swift; sourceTree = "<group>"; };
		379651732202645700B8EB09 /* CalibrationDataTxMessage.swift */ = {isa = PBXFileReference; fileEncoding = 4; lastKnownFileType = sourcecode.swift; path = CalibrationDataTxMessage.swift; sourceTree = "<group>"; };
		379651742202645700B8EB09 /* GlucoseHistoryTxMessage.swift */ = {isa = PBXFileReference; fileEncoding = 4; lastKnownFileType = sourcecode.swift; path = GlucoseHistoryTxMessage.swift; sourceTree = "<group>"; };
		379651752202645700B8EB09 /* SessionStartTxMessage.swift */ = {isa = PBXFileReference; fileEncoding = 4; lastKnownFileType = sourcecode.swift; path = SessionStartTxMessage.swift; sourceTree = "<group>"; };
		379651762202645700B8EB09 /* CalibrationDataRxMessage.swift */ = {isa = PBXFileReference; fileEncoding = 4; lastKnownFileType = sourcecode.swift; path = CalibrationDataRxMessage.swift; sourceTree = "<group>"; };
		379651772202645700B8EB09 /* SessionStopRxMessage.swift */ = {isa = PBXFileReference; fileEncoding = 4; lastKnownFileType = sourcecode.swift; path = SessionStopRxMessage.swift; sourceTree = "<group>"; };
		379651782202645700B8EB09 /* GlucoseTxMessage.swift */ = {isa = PBXFileReference; fileEncoding = 4; lastKnownFileType = sourcecode.swift; path = GlucoseTxMessage.swift; sourceTree = "<group>"; };
		379651792202645700B8EB09 /* ResetMessage.swift */ = {isa = PBXFileReference; fileEncoding = 4; lastKnownFileType = sourcecode.swift; path = ResetMessage.swift; sourceTree = "<group>"; };
		3796517A2202645700B8EB09 /* AuthRequestRxMessage.swift */ = {isa = PBXFileReference; fileEncoding = 4; lastKnownFileType = sourcecode.swift; path = AuthRequestRxMessage.swift; sourceTree = "<group>"; };
		3796517B2202645700B8EB09 /* TransmitterVersionRxMessage.swift */ = {isa = PBXFileReference; fileEncoding = 4; lastKnownFileType = sourcecode.swift; path = TransmitterVersionRxMessage.swift; sourceTree = "<group>"; };
		3796517C2202645700B8EB09 /* TransmitterTimeTxMessage.swift */ = {isa = PBXFileReference; fileEncoding = 4; lastKnownFileType = sourcecode.swift; path = TransmitterTimeTxMessage.swift; sourceTree = "<group>"; };
		3796517D2202645700B8EB09 /* KeepAliveTxMessage.swift */ = {isa = PBXFileReference; fileEncoding = 4; lastKnownFileType = sourcecode.swift; path = KeepAliveTxMessage.swift; sourceTree = "<group>"; };
		3796517E2202645700B8EB09 /* FirmwareVersionTxMessage.swift */ = {isa = PBXFileReference; fileEncoding = 4; lastKnownFileType = sourcecode.swift; path = FirmwareVersionTxMessage.swift; sourceTree = "<group>"; };
		3796517F2202645700B8EB09 /* AuthChallengeRxMessage.swift */ = {isa = PBXFileReference; fileEncoding = 4; lastKnownFileType = sourcecode.swift; path = AuthChallengeRxMessage.swift; sourceTree = "<group>"; };
		379651802202645700B8EB09 /* CalibrateGlucoseRxMessage.swift */ = {isa = PBXFileReference; fileEncoding = 4; lastKnownFileType = sourcecode.swift; path = CalibrateGlucoseRxMessage.swift; sourceTree = "<group>"; };
		379651812202645700B8EB09 /* DisconnectTxMessage.swift */ = {isa = PBXFileReference; fileEncoding = 4; lastKnownFileType = sourcecode.swift; path = DisconnectTxMessage.swift; sourceTree = "<group>"; };
		379651822202645700B8EB09 /* AESCrypt.m */ = {isa = PBXFileReference; fileEncoding = 4; lastKnownFileType = sourcecode.c.objc; path = AESCrypt.m; sourceTree = "<group>"; };
		379651832202645700B8EB09 /* BluetoothManager.swift */ = {isa = PBXFileReference; fileEncoding = 4; lastKnownFileType = sourcecode.swift; path = BluetoothManager.swift; sourceTree = "<group>"; };
		379651842202645700B8EB09 /* Opcode.swift */ = {isa = PBXFileReference; fileEncoding = 4; lastKnownFileType = sourcecode.swift; path = Opcode.swift; sourceTree = "<group>"; };
		379651852202645700B8EB09 /* TransmitterStatus.swift */ = {isa = PBXFileReference; fileEncoding = 4; lastKnownFileType = sourcecode.swift; path = TransmitterStatus.swift; sourceTree = "<group>"; };
		379651862202645700B8EB09 /* Command.swift */ = {isa = PBXFileReference; fileEncoding = 4; lastKnownFileType = sourcecode.swift; path = Command.swift; sourceTree = "<group>"; };
		379651872202645700B8EB09 /* Transmitter.swift */ = {isa = PBXFileReference; fileEncoding = 4; lastKnownFileType = sourcecode.swift; path = Transmitter.swift; sourceTree = "<group>"; };
		379651882202645700B8EB09 /* ARISES-Bridging-Header.h */ = {isa = PBXFileReference; fileEncoding = 4; lastKnownFileType = sourcecode.c.h; path = "ARISES-Bridging-Header.h"; sourceTree = "<group>"; };
		379651892202645700B8EB09 /* CBPeripheral.swift */ = {isa = PBXFileReference; fileEncoding = 4; lastKnownFileType = sourcecode.swift; path = CBPeripheral.swift; sourceTree = "<group>"; };
		3796518A2202645700B8EB09 /* BluetoothServices.swift */ = {isa = PBXFileReference; fileEncoding = 4; lastKnownFileType = sourcecode.swift; path = BluetoothServices.swift; sourceTree = "<group>"; };
		3796518B2202645700B8EB09 /* CalibrationState.swift */ = {isa = PBXFileReference; fileEncoding = 4; lastKnownFileType = sourcecode.swift; path = CalibrationState.swift; sourceTree = "<group>"; };
		3796518C2202645700B8EB09 /* Calibration.swift */ = {isa = PBXFileReference; fileEncoding = 4; lastKnownFileType = sourcecode.swift; path = Calibration.swift; sourceTree = "<group>"; };
		3796518D2202645700B8EB09 /* AESCrypt.h */ = {isa = PBXFileReference; fileEncoding = 4; lastKnownFileType = sourcecode.c.h; path = AESCrypt.h; sourceTree = "<group>"; };
		3796518E2202645700B8EB09 /* NSData+CRC.swift */ = {isa = PBXFileReference; fileEncoding = 4; lastKnownFileType = sourcecode.swift; path = "NSData+CRC.swift"; sourceTree = "<group>"; };
		3796518F2202645700B8EB09 /* PeripheralManagerError.swift */ = {isa = PBXFileReference; fileEncoding = 4; lastKnownFileType = sourcecode.swift; path = PeripheralManagerError.swift; sourceTree = "<group>"; };
		379651902202645700B8EB09 /* PeripheralManager.swift */ = {isa = PBXFileReference; fileEncoding = 4; lastKnownFileType = sourcecode.swift; path = PeripheralManager.swift; sourceTree = "<group>"; };
		379651912202645700B8EB09 /* OSLog.swift */ = {isa = PBXFileReference; fileEncoding = 4; lastKnownFileType = sourcecode.swift; path = OSLog.swift; sourceTree = "<group>"; };
		379651922202645700B8EB09 /* PeripheralManager+G5.swift */ = {isa = PBXFileReference; fileEncoding = 4; lastKnownFileType = sourcecode.swift; path = "PeripheralManager+G5.swift"; sourceTree = "<group>"; };
		379651932202645700B8EB09 /* Glucose.swift */ = {isa = PBXFileReference; fileEncoding = 4; lastKnownFileType = sourcecode.swift; path = Glucose.swift; sourceTree = "<group>"; };
		379651C12202654E00B8EB09 /* NSUserDefaults.swift */ = {isa = PBXFileReference; fileEncoding = 4; lastKnownFileType = sourcecode.swift; path = NSUserDefaults.swift; sourceTree = "<group>"; };
		379651C3220267D300B8EB09 /* CommandQueue.swift */ = {isa = PBXFileReference; fileEncoding = 4; lastKnownFileType = sourcecode.swift; path = CommandQueue.swift; sourceTree = "<group>"; };
		37A8629721F7A3E500D4E8AB /* ChartXAxisFormatter.swift */ = {isa = PBXFileReference; fileEncoding = 4; lastKnownFileType = sourcecode.swift; path = ChartXAxisFormatter.swift; sourceTree = "<group>"; };
		37B3716120B47EF20048A942 /* PersistenceService.swift */ = {isa = PBXFileReference; lastKnownFileType = sourcecode.swift; path = PersistenceService.swift; sourceTree = "<group>"; };
		37B568BA20B485600014F735 /* ARISES.xcdatamodel */ = {isa = PBXFileReference; lastKnownFileType = wrapper.xcdatamodel; path = ARISES.xcdatamodel; sourceTree = "<group>"; };
		37CFC5B820BED6DF0051FDFC /* NotificationCenter.framework */ = {isa = PBXFileReference; lastKnownFileType = wrapper.framework; name = NotificationCenter.framework; path = System/Library/Frameworks/NotificationCenter.framework; sourceTree = SDKROOT; };
		37CFC5D020BEDD250051FDFC /* IndicatorControllerFood.swift */ = {isa = PBXFileReference; lastKnownFileType = sourcecode.swift; path = IndicatorControllerFood.swift; sourceTree = "<group>"; };
		37FEE41922026FFB00FF4679 /* SettingsController.swift */ = {isa = PBXFileReference; lastKnownFileType = sourcecode.swift; path = SettingsController.swift; sourceTree = "<group>"; };
		4B8557F12C2A6F761827B2CB /* libPods-ARISESTests.a */ = {isa = PBXFileReference; explicitFileType = archive.ar; includeInIndex = 0; path = "libPods-ARISESTests.a"; sourceTree = BUILT_PRODUCTS_DIR; };
		863CAE274477E894C42E1381 /* Pods-ARISES.debug.xcconfig */ = {isa = PBXFileReference; includeInIndex = 1; lastKnownFileType = text.xcconfig; name = "Pods-ARISES.debug.xcconfig"; path = "Pods/Target Support Files/Pods-ARISES/Pods-ARISES.debug.xcconfig"; sourceTree = "<group>"; };
		AA4385AD225ED950914E0CEB /* Pods-ARISESTests.release.xcconfig */ = {isa = PBXFileReference; includeInIndex = 1; lastKnownFileType = text.xcconfig; name = "Pods-ARISESTests.release.xcconfig"; path = "Pods/Target Support Files/Pods-ARISESTests/Pods-ARISESTests.release.xcconfig"; sourceTree = "<group>"; };
		BB0C55BE20BC66E9003F46CE /* Favourites.swift */ = {isa = PBXFileReference; fileEncoding = 4; lastKnownFileType = sourcecode.swift; path = Favourites.swift; sourceTree = "<group>"; };
		D9179E8925FC20BDEDC70216 /* Pods-ARISESTests.debug.xcconfig */ = {isa = PBXFileReference; includeInIndex = 1; lastKnownFileType = text.xcconfig; name = "Pods-ARISESTests.debug.xcconfig"; path = "Pods/Target Support Files/Pods-ARISESTests/Pods-ARISESTests.debug.xcconfig"; sourceTree = "<group>"; };
		E2689104CECA461FCD255CC7 /* Pods_ARISES.framework */ = {isa = PBXFileReference; explicitFileType = wrapper.framework; includeInIndex = 0; path = Pods_ARISES.framework; sourceTree = BUILT_PRODUCTS_DIR; };
		E37BF63307A2A5AF11BA9831 /* Pods-ARISES.release.xcconfig */ = {isa = PBXFileReference; includeInIndex = 1; lastKnownFileType = text.xcconfig; name = "Pods-ARISES.release.xcconfig"; path = "Pods/Target Support Files/Pods-ARISES/Pods-ARISES.release.xcconfig"; sourceTree = "<group>"; };
/* End PBXFileReference section */

/* Begin PBXFrameworksBuildPhase section */
		373B5AD122A1EC7B001D8F0D /* Frameworks */ = {
			isa = PBXFrameworksBuildPhase;
			buildActionMask = 2147483647;
			files = (
				ABD020E52CA29F699278CB2F /* libPods-ARISESTests.a in Frameworks */,
			);
			runOnlyForDeploymentPostprocessing = 0;
		};
		375587BF209E086C00594532 /* Frameworks */ = {
			isa = PBXFrameworksBuildPhase;
			buildActionMask = 2147483647;
			files = (
				3723CA54220B26D800380050 /* Accelerate.framework in Frameworks */,
				3723CA4E220B23D500380050 /* E4link.framework in Frameworks */,
				B295C3A713E40AA46AFB2A98 /* Pods_ARISES.framework in Frameworks */,
			);
			runOnlyForDeploymentPostprocessing = 0;
		};
/* End PBXFrameworksBuildPhase section */

/* Begin PBXGroup section */
		3718079E20B81F4F00D7C81A /* Model */ = {
			isa = PBXGroup;
			children = (
				373B5AB5229648CB001D8F0D /* Empatica Files */,
				372141E821F52DDF00B8627F /* Test Data */,
				3718C31D22A6D09200BC7206 /* ModelFunctions.swift */,
				371807A220B8500F00D7C81A /* ModelController.swift */,
				373B5AC6229D6B5D001D8F0D /* MLController.swift */,
				37B568B920B485600014F735 /* ARISES.xcdatamodeld */,
				3718C31B22A6C0F200BC7206 /* Settings.swift */,
				370F921620BD637B0081C570 /* Insulin.swift */,
				370F921420BD61C90081C570 /* GlucoseMO.swift */,
				3718079C20B81EB300D7C81A /* Day.swift */,
				BB0C55BE20BC66E9003F46CE /* Favourites.swift */,
				3718079A20B81E2100D7C81A /* Meals.swift */,
				3718079420B818ED00D7C81A /* Exercise.swift */,
				3712A23920C566DD006DB63C /* Illness.swift */,
				3712A23B20C566FF006DB63C /* Stress.swift */,
			);
			path = Model;
			sourceTree = "<group>";
		};
		3718079F20B8200B00D7C81A /* Display */ = {
			isa = PBXGroup;
			children = (
				37A8629721F7A3E500D4E8AB /* ChartXAxisFormatter.swift */,
				3718B86320AC9A75006F1A47 /* ViewControllerGraph.swift */,
			);
			path = Display;
			sourceTree = "<group>";
		};
		372141E821F52DDF00B8627F /* Test Data */ = {
			isa = PBXGroup;
			children = (
				372141E421F52DD800B8627F /* ABC4001_CGM_6m_I.csv */,
				372141E521F52DD800B8627F /* ABC4001_log_final_I.csv */,
			);
			path = "Test Data";
			sourceTree = "<group>";
		};
		373B5AB5229648CB001D8F0D /* Empatica Files */ = {
			isa = PBXGroup;
			children = (
				373B5AC022964CD9001D8F0D /* EmpaticaModelController.swift */,
				373B5AC22296668C001D8F0D /* Acc.swift */,
				373B5AB622964B75001D8F0D /* Tag.swift */,
				373B5AB3229648BD001D8F0D /* Temperature.swift */,
				373B5AB822964B93001D8F0D /* HR.swift */,
				373B5ABA22964BA3001D8F0D /* BVP.swift */,
				373B5ABC22964BBA001D8F0D /* IBI.swift */,
				373B5ABE22964BCB001D8F0D /* GSR.swift */,
			);
			path = "Empatica Files";
			sourceTree = "<group>";
		};
		373B5AD522A1EC7C001D8F0D /* ARISESTests */ = {
			isa = PBXGroup;
			children = (
				373B5AFA22A1FF5C001D8F0D /* Data */,
				373B5AD622A1EC7C001D8F0D /* ARISESTests.swift */,
				373B5AD822A1EC7C001D8F0D /* Info.plist */,
			);
			path = ARISESTests;
			sourceTree = "<group>";
		};
		373B5AFA22A1FF5C001D8F0D /* Data */ = {
			isa = PBXGroup;
			children = (
				373B5B0B22A30930001D8F0D /* pred_ind.txt */,
				373B5B0322A2F853001D8F0D /* pred.txt */,
				373B5B0122A2F0FC001D8F0D /* insulin1.txt */,
				373B5AFF22A2F0F6001D8F0D /* cgm0.txt */,
				373B5AFD22A2F0EB001D8F0D /* time3.txt */,
				373B5AFB22A2F0E5001D8F0D /* meal2.txt */,
				373B5B0F22A317D2001D8F0D /* ourPred.txt */,
			);
			path = Data;
			sourceTree = "<group>";
		};
		375587B9209E086C00594532 = {
			isa = PBXGroup;
			children = (
				373B5ACC229F0FBC001D8F0D /* model2.tflite */,
				373B5B0D22A30945001D8F0D /* converted_model.tflite */,
				373B5AC8229DA4B5001D8F0D /* model.tflite */,
				379651642202645700B8EB09 /* CGMBLEKit */,
				379651612202645700B8EB09 /* Common */,
				375587C4209E086C00594532 /* ARISES */,
				373B5AD522A1EC7C001D8F0D /* ARISESTests */,
				375587C3209E086C00594532 /* Products */,
				5D25042C28CD398D98F1751D /* Pods */,
				92B4A946DFA7B8979D866583 /* Frameworks */,
			);
			sourceTree = "<group>";
		};
		375587C3209E086C00594532 /* Products */ = {
			isa = PBXGroup;
			children = (
				375587C2209E086C00594532 /* ARISES.app */,
				373B5AD422A1EC7B001D8F0D /* ARISESTests.xctest */,
			);
			name = Products;
			sourceTree = "<group>";
		};
		375587C4209E086C00594532 /* ARISES */ = {
			isa = PBXGroup;
			children = (
				375587D7209E08DB00594532 /* Supporting Files */,
				3718079F20B8200B00D7C81A /* Display */,
				3718079E20B81F4F00D7C81A /* Model */,
				37CFC5CF20BEDCFB0051FDFC /* Indicators */,
				373B5AC422969705001D8F0D /* NetworkController.swift */,
				3723CA4A220B210500380050 /* EmpaticaViewController.swift */,
				37FEE41922026FFB00FF4679 /* SettingsController.swift */,
				3718C31922A56F5200BC7206 /* UserSettingsController.swift */,
				375587C9209E086C00594532 /* Main.storyboard */,
				3718B85B20AC99B6006F1A47 /* ViewControllerFood.swift */,
				3718B85D20AC9A2A006F1A47 /* ViewControllerAdvice.swift */,
				3718B85F20AC9A42006F1A47 /* ViewControllerExercise.swift */,
				3718B86120AC9A60006F1A47 /* ViewControllerHealth.swift */,
				3718B86520AC9CE3006F1A47 /* ViewControllerMain.swift */,
				372141E921F5319100B8627F /* CSVreader.swift */,
				378658AD20AC675D007C13B2 /* ViewControllerTableViewCell.swift */,
				375587D1209E086D00594532 /* Info.plist */,
			);
			path = ARISES;
			sourceTree = "<group>";
		};
		375587D7209E08DB00594532 /* Supporting Files */ = {
			isa = PBXGroup;
			children = (
				379651C3220267D300B8EB09 /* CommandQueue.swift */,
				379651C12202654E00B8EB09 /* NSUserDefaults.swift */,
				375587C5209E086C00594532 /* AppDelegate.swift */,
				37B3716120B47EF20048A942 /* PersistenceService.swift */,
				375587CE209E086D00594532 /* LaunchScreen.storyboard */,
				375587CC209E086D00594532 /* Assets.xcassets */,
			);
			path = "Supporting Files";
			sourceTree = "<group>";
		};
		379651612202645700B8EB09 /* Common */ = {
			isa = PBXGroup;
			children = (
				379651622202645700B8EB09 /* HKUnit.swift */,
				379651632202645700B8EB09 /* Data.swift */,
			);
			path = Common;
			sourceTree = "<group>";
		};
		379651642202645700B8EB09 /* CGMBLEKit */ = {
			isa = PBXGroup;
			children = (
				3796518D2202645700B8EB09 /* AESCrypt.h */,
				379651822202645700B8EB09 /* AESCrypt.m */,
				379651882202645700B8EB09 /* ARISES-Bridging-Header.h */,
				379651832202645700B8EB09 /* BluetoothManager.swift */,
				3796518A2202645700B8EB09 /* BluetoothServices.swift */,
				3796518C2202645700B8EB09 /* Calibration.swift */,
				3796518B2202645700B8EB09 /* CalibrationState.swift */,
				379651892202645700B8EB09 /* CBPeripheral.swift */,
				379651652202645700B8EB09 /* CGMBLEKit.h */,
				379651862202645700B8EB09 /* Command.swift */,
				379651932202645700B8EB09 /* Glucose.swift */,
				379651662202645700B8EB09 /* Messages */,
				3796518E2202645700B8EB09 /* NSData+CRC.swift */,
				379651842202645700B8EB09 /* Opcode.swift */,
				379651912202645700B8EB09 /* OSLog.swift */,
				379651902202645700B8EB09 /* PeripheralManager.swift */,
				379651922202645700B8EB09 /* PeripheralManager+G5.swift */,
				3796518F2202645700B8EB09 /* PeripheralManagerError.swift */,
				379651872202645700B8EB09 /* Transmitter.swift */,
				379651852202645700B8EB09 /* TransmitterStatus.swift */,
			);
			path = CGMBLEKit;
			sourceTree = "<group>";
		};
		379651662202645700B8EB09 /* Messages */ = {
			isa = PBXGroup;
			children = (
				379651672202645700B8EB09 /* TransmitterTimeRxMessage.swift */,
				379651682202645700B8EB09 /* TransmitterVersionTxMessage.swift */,
				379651692202645700B8EB09 /* TransmitterMessage.swift */,
				3796516A2202645700B8EB09 /* AuthRequestTxMessage.swift */,
				3796516B2202645700B8EB09 /* AuthChallengeTxMessage.swift */,
				3796516C2202645700B8EB09 /* BatteryStatusTxMessage.swift */,
				3796516D2202645700B8EB09 /* CalibrateGlucoseTxMessage.swift */,
				3796516E2202645700B8EB09 /* GlucoseBackfillMessage.swift */,
				3796516F2202645700B8EB09 /* SessionStopTxMessage.swift */,
				379651702202645700B8EB09 /* GlucoseRxMessage.swift */,
				379651712202645700B8EB09 /* BondRequestTxMessage.swift */,
				379651722202645700B8EB09 /* SessionStartRxMessage.swift */,
				379651732202645700B8EB09 /* CalibrationDataTxMessage.swift */,
				379651742202645700B8EB09 /* GlucoseHistoryTxMessage.swift */,
				379651752202645700B8EB09 /* SessionStartTxMessage.swift */,
				379651762202645700B8EB09 /* CalibrationDataRxMessage.swift */,
				379651772202645700B8EB09 /* SessionStopRxMessage.swift */,
				379651782202645700B8EB09 /* GlucoseTxMessage.swift */,
				379651792202645700B8EB09 /* ResetMessage.swift */,
				3796517A2202645700B8EB09 /* AuthRequestRxMessage.swift */,
				3796517B2202645700B8EB09 /* TransmitterVersionRxMessage.swift */,
				3796517C2202645700B8EB09 /* TransmitterTimeTxMessage.swift */,
				3796517D2202645700B8EB09 /* KeepAliveTxMessage.swift */,
				3796517E2202645700B8EB09 /* FirmwareVersionTxMessage.swift */,
				3796517F2202645700B8EB09 /* AuthChallengeRxMessage.swift */,
				379651802202645700B8EB09 /* CalibrateGlucoseRxMessage.swift */,
				379651812202645700B8EB09 /* DisconnectTxMessage.swift */,
			);
			path = Messages;
			sourceTree = "<group>";
		};
		37CFC5CF20BEDCFB0051FDFC /* Indicators */ = {
			isa = PBXGroup;
			children = (
				37CFC5D020BEDD250051FDFC /* IndicatorControllerFood.swift */,
			);
			path = Indicators;
			sourceTree = "<group>";
		};
		5D25042C28CD398D98F1751D /* Pods */ = {
			isa = PBXGroup;
			children = (
				863CAE274477E894C42E1381 /* Pods-ARISES.debug.xcconfig */,
				E37BF63307A2A5AF11BA9831 /* Pods-ARISES.release.xcconfig */,
				D9179E8925FC20BDEDC70216 /* Pods-ARISESTests.debug.xcconfig */,
				AA4385AD225ED950914E0CEB /* Pods-ARISESTests.release.xcconfig */,
			);
			name = Pods;
			sourceTree = "<group>";
		};
		92B4A946DFA7B8979D866583 /* Frameworks */ = {
			isa = PBXGroup;
			children = (
				3723CA53220B26D800380050 /* Accelerate.framework */,
				3723CA4F220B257700380050 /* CoreBluetooth.framework */,
				3723CA4C220B239600380050 /* E4link.framework */,
				37CFC5B820BED6DF0051FDFC /* NotificationCenter.framework */,
				E2689104CECA461FCD255CC7 /* Pods_ARISES.framework */,
				4B8557F12C2A6F761827B2CB /* libPods-ARISESTests.a */,
			);
			name = Frameworks;
			sourceTree = "<group>";
		};
/* End PBXGroup section */

/* Begin PBXNativeTarget section */
		373B5AD322A1EC7B001D8F0D /* ARISESTests */ = {
			isa = PBXNativeTarget;
			buildConfigurationList = 373B5ADD22A1EC7C001D8F0D /* Build configuration list for PBXNativeTarget "ARISESTests" */;
			buildPhases = (
				17FFB2054C6E7788423B6EDC /* [CP] Check Pods Manifest.lock */,
				373B5AD022A1EC7B001D8F0D /* Sources */,
				373B5AD122A1EC7B001D8F0D /* Frameworks */,
				373B5AD222A1EC7B001D8F0D /* Resources */,
			);
			buildRules = (
			);
			dependencies = (
				373B5ADA22A1EC7C001D8F0D /* PBXTargetDependency */,
			);
			name = ARISESTests;
			productName = ARISESTests;
			productReference = 373B5AD422A1EC7B001D8F0D /* ARISESTests.xctest */;
			productType = "com.apple.product-type.bundle.unit-test";
		};
		375587C1209E086C00594532 /* ARISES */ = {
			isa = PBXNativeTarget;
			buildConfigurationList = 375587D4209E086D00594532 /* Build configuration list for PBXNativeTarget "ARISES" */;
			buildPhases = (
				4710772AFDD94C6B390A32D6 /* [CP] Check Pods Manifest.lock */,
				375587BE209E086C00594532 /* Sources */,
				375587BF209E086C00594532 /* Frameworks */,
				375587C0209E086C00594532 /* Resources */,
				3712A25020C583D8006DB63C /* Embed App Extensions */,
				8BC898CB12494A3A175D8A38 /* [CP] Embed Pods Frameworks */,
			);
			buildRules = (
			);
			dependencies = (
			);
			name = ARISES;
			productName = ARISES;
			productReference = 375587C2209E086C00594532 /* ARISES.app */;
			productType = "com.apple.product-type.application";
		};
/* End PBXNativeTarget section */

/* Begin PBXProject section */
		375587BA209E086C00594532 /* Project object */ = {
			isa = PBXProject;
			attributes = {
				LastSwiftUpdateCheck = 1020;
				LastUpgradeCheck = 0930;
				ORGANIZATIONNAME = "Ryan Armiger";
				TargetAttributes = {
					373B5AD322A1EC7B001D8F0D = {
						CreatedOnToolsVersion = 10.2.1;
						TestTargetID = 375587C1209E086C00594532;
					};
					375587C1209E086C00594532 = {
						CreatedOnToolsVersion = 9.3;
						SystemCapabilities = {
							com.apple.ApplicationGroups.iOS = {
								enabled = 0;
							};
							com.apple.BackgroundModes = {
								enabled = 1;
							};
						};
					};
				};
			};
			buildConfigurationList = 375587BD209E086C00594532 /* Build configuration list for PBXProject "ARISES" */;
			compatibilityVersion = "Xcode 9.3";
			developmentRegion = en;
			hasScannedForEncodings = 0;
			knownRegions = (
				en,
				Base,
			);
			mainGroup = 375587B9209E086C00594532;
			productRefGroup = 375587C3209E086C00594532 /* Products */;
			projectDirPath = "";
			projectRoot = "";
			targets = (
				375587C1209E086C00594532 /* ARISES */,
				373B5AD322A1EC7B001D8F0D /* ARISESTests */,
			);
		};
/* End PBXProject section */

/* Begin PBXResourcesBuildPhase section */
		373B5AD222A1EC7B001D8F0D /* Resources */ = {
			isa = PBXResourcesBuildPhase;
			buildActionMask = 2147483647;
			files = (
				373B5AFC22A2F0E5001D8F0D /* meal2.txt in Resources */,
				373B5B0222A2F0FC001D8F0D /* insulin1.txt in Resources */,
				373B5B1022A317D2001D8F0D /* ourPred.txt in Resources */,
				373B5B0022A2F0F6001D8F0D /* cgm0.txt in Resources */,
				373B5B0C22A30930001D8F0D /* pred_ind.txt in Resources */,
				373B5AFE22A2F0EB001D8F0D /* time3.txt in Resources */,
				373B5B0422A2F853001D8F0D /* pred.txt in Resources */,
			);
			runOnlyForDeploymentPostprocessing = 0;
		};
		375587C0209E086C00594532 /* Resources */ = {
			isa = PBXResourcesBuildPhase;
			buildActionMask = 2147483647;
			files = (
				373B5B0E22A309A4001D8F0D /* converted_model.tflite in Resources */,
				373B5ACD229F0FC3001D8F0D /* model2.tflite in Resources */,
				373B5AC9229DA979001D8F0D /* model.tflite in Resources */,
				375587D0209E086D00594532 /* LaunchScreen.storyboard in Resources */,
				372141E721F52DD800B8627F /* ABC4001_log_final_I.csv in Resources */,
				372141E621F52DD800B8627F /* ABC4001_CGM_6m_I.csv in Resources */,
				375587CD209E086D00594532 /* Assets.xcassets in Resources */,
				375587CB209E086C00594532 /* Main.storyboard in Resources */,
			);
			runOnlyForDeploymentPostprocessing = 0;
		};
/* End PBXResourcesBuildPhase section */

/* Begin PBXShellScriptBuildPhase section */
		17FFB2054C6E7788423B6EDC /* [CP] Check Pods Manifest.lock */ = {
			isa = PBXShellScriptBuildPhase;
			buildActionMask = 2147483647;
			files = (
			);
			inputFileListPaths = (
			);
			inputPaths = (
				"${PODS_PODFILE_DIR_PATH}/Podfile.lock",
				"${PODS_ROOT}/Manifest.lock",
			);
			name = "[CP] Check Pods Manifest.lock";
			outputFileListPaths = (
			);
			outputPaths = (
				"$(DERIVED_FILE_DIR)/Pods-ARISESTests-checkManifestLockResult.txt",
			);
			runOnlyForDeploymentPostprocessing = 0;
			shellPath = /bin/sh;
			shellScript = "diff \"${PODS_PODFILE_DIR_PATH}/Podfile.lock\" \"${PODS_ROOT}/Manifest.lock\" > /dev/null\nif [ $? != 0 ] ; then\n    # print error to STDERR\n    echo \"error: The sandbox is not in sync with the Podfile.lock. Run 'pod install' or update your CocoaPods installation.\" >&2\n    exit 1\nfi\n# This output is used by Xcode 'outputs' to avoid re-running this script phase.\necho \"SUCCESS\" > \"${SCRIPT_OUTPUT_FILE_0}\"\n";
			showEnvVarsInLog = 0;
		};
		4710772AFDD94C6B390A32D6 /* [CP] Check Pods Manifest.lock */ = {
			isa = PBXShellScriptBuildPhase;
			buildActionMask = 2147483647;
			files = (
			);
			inputPaths = (
				"${PODS_PODFILE_DIR_PATH}/Podfile.lock",
				"${PODS_ROOT}/Manifest.lock",
			);
			name = "[CP] Check Pods Manifest.lock";
			outputPaths = (
				"$(DERIVED_FILE_DIR)/Pods-ARISES-checkManifestLockResult.txt",
			);
			runOnlyForDeploymentPostprocessing = 0;
			shellPath = /bin/sh;
			shellScript = "diff \"${PODS_PODFILE_DIR_PATH}/Podfile.lock\" \"${PODS_ROOT}/Manifest.lock\" > /dev/null\nif [ $? != 0 ] ; then\n    # print error to STDERR\n    echo \"error: The sandbox is not in sync with the Podfile.lock. Run 'pod install' or update your CocoaPods installation.\" >&2\n    exit 1\nfi\n# This output is used by Xcode 'outputs' to avoid re-running this script phase.\necho \"SUCCESS\" > \"${SCRIPT_OUTPUT_FILE_0}\"\n";
			showEnvVarsInLog = 0;
		};
		8BC898CB12494A3A175D8A38 /* [CP] Embed Pods Frameworks */ = {
			isa = PBXShellScriptBuildPhase;
			buildActionMask = 2147483647;
			files = (
			);
			inputFileListPaths = (
				"${PODS_ROOT}/Target Support Files/Pods-ARISES/Pods-ARISES-frameworks-${CONFIGURATION}-input-files.xcfilelist",
			);
			name = "[CP] Embed Pods Frameworks";
			outputFileListPaths = (
				"${PODS_ROOT}/Target Support Files/Pods-ARISES/Pods-ARISES-frameworks-${CONFIGURATION}-output-files.xcfilelist",
			);
			runOnlyForDeploymentPostprocessing = 0;
			shellPath = /bin/sh;
			shellScript = "\"${PODS_ROOT}/Target Support Files/Pods-ARISES/Pods-ARISES-frameworks.sh\"\n";
			showEnvVarsInLog = 0;
		};
/* End PBXShellScriptBuildPhase section */

/* Begin PBXSourcesBuildPhase section */
		373B5AD022A1EC7B001D8F0D /* Sources */ = {
			isa = PBXSourcesBuildPhase;
			buildActionMask = 2147483647;
			files = (
				373B5AD722A1EC7C001D8F0D /* ARISESTests.swift in Sources */,
			);
			runOnlyForDeploymentPostprocessing = 0;
		};
		375587BE209E086C00594532 /* Sources */ = {
			isa = PBXSourcesBuildPhase;
			buildActionMask = 2147483647;
			files = (
				373B5AC522969705001D8F0D /* NetworkController.swift in Sources */,
				373B5ABD22964BBA001D8F0D /* IBI.swift in Sources */,
				370F921520BD61C90081C570 /* GlucoseMO.swift in Sources */,
				3718B85E20AC9A2A006F1A47 /* ViewControllerAdvice.swift in Sources */,
				373B5AB4229648BD001D8F0D /* Temperature.swift in Sources */,
				379651BC2202645700B8EB09 /* PeripheralManagerError.swift in Sources */,
				379651AB2202645700B8EB09 /* TransmitterTimeTxMessage.swift in Sources */,
				379651A52202645700B8EB09 /* CalibrationDataRxMessage.swift in Sources */,
				379651B82202645700B8EB09 /* BluetoothServices.swift in Sources */,
				3712A23A20C566DD006DB63C /* Illness.swift in Sources */,
				379651A32202645700B8EB09 /* GlucoseHistoryTxMessage.swift in Sources */,
				3718C31A22A56F5200BC7206 /* UserSettingsController.swift in Sources */,
				379651B62202645700B8EB09 /* Transmitter.swift in Sources */,
				379651A82202645700B8EB09 /* ResetMessage.swift in Sources */,
				3796519C2202645700B8EB09 /* CalibrateGlucoseTxMessage.swift in Sources */,
				3718B86020AC9A42006F1A47 /* ViewControllerExercise.swift in Sources */,
				3718B86620AC9CE3006F1A47 /* ViewControllerMain.swift in Sources */,
				379651B02202645700B8EB09 /* DisconnectTxMessage.swift in Sources */,
				3796519D2202645700B8EB09 /* GlucoseBackfillMessage.swift in Sources */,
				379651A12202645700B8EB09 /* SessionStartRxMessage.swift in Sources */,
				379651A92202645700B8EB09 /* AuthRequestRxMessage.swift in Sources */,
				375587C6209E086C00594532 /* AppDelegate.swift in Sources */,
				371807A320B8500F00D7C81A /* ModelController.swift in Sources */,
				379651952202645700B8EB09 /* Data.swift in Sources */,
				379651AC2202645700B8EB09 /* KeepAliveTxMessage.swift in Sources */,
				379651BF2202645700B8EB09 /* PeripheralManager+G5.swift in Sources */,
				373B5AB922964B93001D8F0D /* HR.swift in Sources */,
				379651B22202645700B8EB09 /* BluetoothManager.swift in Sources */,
				3718079520B818ED00D7C81A /* Exercise.swift in Sources */,
				372141EA21F5319100B8627F /* CSVreader.swift in Sources */,
				379651982202645700B8EB09 /* TransmitterMessage.swift in Sources */,
				37B3716220B47EF20048A942 /* PersistenceService.swift in Sources */,
				379651C22202654E00B8EB09 /* NSUserDefaults.swift in Sources */,
				379651C02202645700B8EB09 /* Glucose.swift in Sources */,
				379651AE2202645700B8EB09 /* AuthChallengeRxMessage.swift in Sources */,
				3796519F2202645700B8EB09 /* GlucoseRxMessage.swift in Sources */,
				373B5AC32296668C001D8F0D /* Acc.swift in Sources */,
				3718079D20B81EB300D7C81A /* Day.swift in Sources */,
				379651A22202645700B8EB09 /* CalibrationDataTxMessage.swift in Sources */,
				379651992202645700B8EB09 /* AuthRequestTxMessage.swift in Sources */,
				3718B85C20AC99B6006F1A47 /* ViewControllerFood.swift in Sources */,
				3718C31E22A6D09200BC7206 /* ModelFunctions.swift in Sources */,
				3718B86420AC9A75006F1A47 /* ViewControllerGraph.swift in Sources */,
				373B5AB722964B75001D8F0D /* Tag.swift in Sources */,
				379651A62202645700B8EB09 /* SessionStopRxMessage.swift in Sources */,
				379651B42202645700B8EB09 /* TransmitterStatus.swift in Sources */,
				3718C31C22A6C0F200BC7206 /* Settings.swift in Sources */,
				3796519A2202645700B8EB09 /* AuthChallengeTxMessage.swift in Sources */,
				37CFC5D120BEDD250051FDFC /* IndicatorControllerFood.swift in Sources */,
				BB0C55C520BC66E9003F46CE /* Favourites.swift in Sources */,
				3796519B2202645700B8EB09 /* BatteryStatusTxMessage.swift in Sources */,
				379651942202645700B8EB09 /* HKUnit.swift in Sources */,
				379651AF2202645700B8EB09 /* CalibrateGlucoseRxMessage.swift in Sources */,
				378658AE20AC675D007C13B2 /* ViewControllerTableViewCell.swift in Sources */,
				379651B52202645700B8EB09 /* Command.swift in Sources */,
				3796519E2202645700B8EB09 /* SessionStopTxMessage.swift in Sources */,
				379651AA2202645700B8EB09 /* TransmitterVersionRxMessage.swift in Sources */,
				379651A42202645700B8EB09 /* SessionStartTxMessage.swift in Sources */,
				379651B12202645700B8EB09 /* AESCrypt.m in Sources */,
				370F921720BD637B0081C570 /* Insulin.swift in Sources */,
				373B5ABF22964BCB001D8F0D /* GSR.swift in Sources */,
				3718B86220AC9A60006F1A47 /* ViewControllerHealth.swift in Sources */,
				373B5ABB22964BA3001D8F0D /* BVP.swift in Sources */,
				379651BE2202645700B8EB09 /* OSLog.swift in Sources */,
				379651972202645700B8EB09 /* TransmitterVersionTxMessage.swift in Sources */,
				379651B32202645700B8EB09 /* Opcode.swift in Sources */,
				379651962202645700B8EB09 /* TransmitterTimeRxMessage.swift in Sources */,
				373B5AC7229D6B5D001D8F0D /* MLController.swift in Sources */,
				379651B72202645700B8EB09 /* CBPeripheral.swift in Sources */,
				3718079B20B81E2100D7C81A /* Meals.swift in Sources */,
				379651C4220267D300B8EB09 /* CommandQueue.swift in Sources */,
				37B568BB20B485600014F735 /* ARISES.xcdatamodeld in Sources */,
				379651B92202645700B8EB09 /* CalibrationState.swift in Sources */,
				3723CA4B220B210500380050 /* EmpaticaViewController.swift in Sources */,
				379651BB2202645700B8EB09 /* NSData+CRC.swift in Sources */,
				379651BD2202645700B8EB09 /* PeripheralManager.swift in Sources */,
				3712A23C20C566FF006DB63C /* Stress.swift in Sources */,
				373B5AC122964CD9001D8F0D /* EmpaticaModelController.swift in Sources */,
				37A8629821F7A3E500D4E8AB /* ChartXAxisFormatter.swift in Sources */,
				379651BA2202645700B8EB09 /* Calibration.swift in Sources */,
				37FEE41A22026FFB00FF4679 /* SettingsController.swift in Sources */,
				379651AD2202645700B8EB09 /* FirmwareVersionTxMessage.swift in Sources */,
				379651A72202645700B8EB09 /* GlucoseTxMessage.swift in Sources */,
				379651A02202645700B8EB09 /* BondRequestTxMessage.swift in Sources */,
			);
			runOnlyForDeploymentPostprocessing = 0;
		};
/* End PBXSourcesBuildPhase section */

/* Begin PBXTargetDependency section */
		373B5ADA22A1EC7C001D8F0D /* PBXTargetDependency */ = {
			isa = PBXTargetDependency;
			target = 375587C1209E086C00594532 /* ARISES */;
			targetProxy = 373B5AD922A1EC7C001D8F0D /* PBXContainerItemProxy */;
		};
/* End PBXTargetDependency section */

/* Begin PBXVariantGroup section */
		375587C9209E086C00594532 /* Main.storyboard */ = {
			isa = PBXVariantGroup;
			children = (
				375587CA209E086C00594532 /* Base */,
			);
			name = Main.storyboard;
			sourceTree = "<group>";
		};
		375587CE209E086D00594532 /* LaunchScreen.storyboard */ = {
			isa = PBXVariantGroup;
			children = (
				375587CF209E086D00594532 /* Base */,
			);
			name = LaunchScreen.storyboard;
			sourceTree = "<group>";
		};
/* End PBXVariantGroup section */

/* Begin XCBuildConfiguration section */
		373B5ADB22A1EC7C001D8F0D /* Debug */ = {
			isa = XCBuildConfiguration;
			baseConfigurationReference = D9179E8925FC20BDEDC70216 /* Pods-ARISESTests.debug.xcconfig */;
			buildSettings = {
				BUNDLE_LOADER = "$(TEST_HOST)";
				CODE_SIGN_STYLE = Automatic;
				DEFINES_MODULE = YES;
				DEVELOPMENT_TEAM = 3HQG9T963Q;
				INFOPLIST_FILE = ARISESTests/Info.plist;
				IPHONEOS_DEPLOYMENT_TARGET = 12.1;
				LD_RUNPATH_SEARCH_PATHS = (
					"$(inherited)",
					"@executable_path/Frameworks",
					"@loader_path/Frameworks",
				);
				MTL_ENABLE_DEBUG_INFO = INCLUDE_SOURCE;
				MTL_FAST_MATH = YES;
				PRODUCT_BUNDLE_IDENTIFIER = Imperial.ARISESTests;
				PRODUCT_NAME = "$(TARGET_NAME)";
				SWIFT_VERSION = 5.0;
				TARGETED_DEVICE_FAMILY = "1,2";
				TEST_HOST = "$(BUILT_PRODUCTS_DIR)/ARISES.app/ARISES";
			};
			name = Debug;
		};
		373B5ADC22A1EC7C001D8F0D /* Release */ = {
			isa = XCBuildConfiguration;
			baseConfigurationReference = AA4385AD225ED950914E0CEB /* Pods-ARISESTests.release.xcconfig */;
			buildSettings = {
				BUNDLE_LOADER = "$(TEST_HOST)";
				CODE_SIGN_STYLE = Automatic;
				DEFINES_MODULE = YES;
				DEVELOPMENT_TEAM = 3HQG9T963Q;
				INFOPLIST_FILE = ARISESTests/Info.plist;
				IPHONEOS_DEPLOYMENT_TARGET = 12.1;
				LD_RUNPATH_SEARCH_PATHS = (
					"$(inherited)",
					"@executable_path/Frameworks",
					"@loader_path/Frameworks",
				);
				MTL_FAST_MATH = YES;
				PRODUCT_BUNDLE_IDENTIFIER = Imperial.ARISESTests;
				PRODUCT_NAME = "$(TARGET_NAME)";
				SWIFT_VERSION = 5.0;
				TARGETED_DEVICE_FAMILY = "1,2";
				TEST_HOST = "$(BUILT_PRODUCTS_DIR)/ARISES.app/ARISES";
			};
			name = Release;
		};
		375587D2209E086D00594532 /* Debug */ = {
			isa = XCBuildConfiguration;
			buildSettings = {
				ALWAYS_SEARCH_USER_PATHS = NO;
				CLANG_ANALYZER_NONNULL = YES;
				CLANG_ANALYZER_NUMBER_OBJECT_CONVERSION = YES_AGGRESSIVE;
				CLANG_CXX_LANGUAGE_STANDARD = "gnu++14";
				CLANG_CXX_LIBRARY = "libc++";
				CLANG_ENABLE_MODULES = YES;
				CLANG_ENABLE_OBJC_ARC = YES;
				CLANG_ENABLE_OBJC_WEAK = YES;
				CLANG_WARN_BLOCK_CAPTURE_AUTORELEASING = YES;
				CLANG_WARN_BOOL_CONVERSION = YES;
				CLANG_WARN_COMMA = YES;
				CLANG_WARN_CONSTANT_CONVERSION = YES;
				CLANG_WARN_DEPRECATED_OBJC_IMPLEMENTATIONS = YES;
				CLANG_WARN_DIRECT_OBJC_ISA_USAGE = YES_ERROR;
				CLANG_WARN_DOCUMENTATION_COMMENTS = YES;
				CLANG_WARN_EMPTY_BODY = YES;
				CLANG_WARN_ENUM_CONVERSION = YES;
				CLANG_WARN_INFINITE_RECURSION = YES;
				CLANG_WARN_INT_CONVERSION = YES;
				CLANG_WARN_NON_LITERAL_NULL_CONVERSION = YES;
				CLANG_WARN_OBJC_IMPLICIT_RETAIN_SELF = YES;
				CLANG_WARN_OBJC_LITERAL_CONVERSION = YES;
				CLANG_WARN_OBJC_ROOT_CLASS = YES_ERROR;
				CLANG_WARN_RANGE_LOOP_ANALYSIS = YES;
				CLANG_WARN_STRICT_PROTOTYPES = YES;
				CLANG_WARN_SUSPICIOUS_MOVE = YES;
				CLANG_WARN_UNGUARDED_AVAILABILITY = YES_AGGRESSIVE;
				CLANG_WARN_UNREACHABLE_CODE = YES;
				CLANG_WARN__DUPLICATE_METHOD_MATCH = YES;
				CODE_SIGN_IDENTITY = "iPhone Developer";
				COPY_PHASE_STRIP = NO;
				DEBUG_INFORMATION_FORMAT = dwarf;
				ENABLE_BITCODE = NO;
				ENABLE_STRICT_OBJC_MSGSEND = YES;
				ENABLE_TESTABILITY = YES;
				GCC_C_LANGUAGE_STANDARD = gnu11;
				GCC_DYNAMIC_NO_PIC = NO;
				GCC_NO_COMMON_BLOCKS = YES;
				GCC_OPTIMIZATION_LEVEL = 0;
				GCC_PREPROCESSOR_DEFINITIONS = (
					"DEBUG=1",
					"$(inherited)",
				);
				GCC_WARN_64_TO_32_BIT_CONVERSION = YES;
				GCC_WARN_ABOUT_RETURN_TYPE = YES_ERROR;
				GCC_WARN_UNDECLARED_SELECTOR = YES;
				GCC_WARN_UNINITIALIZED_AUTOS = YES_AGGRESSIVE;
				GCC_WARN_UNUSED_FUNCTION = YES;
				GCC_WARN_UNUSED_VARIABLE = YES;
				IPHONEOS_DEPLOYMENT_TARGET = 12.1;
				MTL_ENABLE_DEBUG_INFO = YES;
				ONLY_ACTIVE_ARCH = YES;
				OTHER_CFLAGS = "";
				SDKROOT = iphoneos;
				SWIFT_ACTIVE_COMPILATION_CONDITIONS = DEBUG;
				SWIFT_OPTIMIZATION_LEVEL = "-Onone";
			};
			name = Debug;
		};
		375587D3209E086D00594532 /* Release */ = {
			isa = XCBuildConfiguration;
			buildSettings = {
				ALWAYS_SEARCH_USER_PATHS = NO;
				CLANG_ANALYZER_NONNULL = YES;
				CLANG_ANALYZER_NUMBER_OBJECT_CONVERSION = YES_AGGRESSIVE;
				CLANG_CXX_LANGUAGE_STANDARD = "gnu++14";
				CLANG_CXX_LIBRARY = "libc++";
				CLANG_ENABLE_MODULES = YES;
				CLANG_ENABLE_OBJC_ARC = YES;
				CLANG_ENABLE_OBJC_WEAK = YES;
				CLANG_WARN_BLOCK_CAPTURE_AUTORELEASING = YES;
				CLANG_WARN_BOOL_CONVERSION = YES;
				CLANG_WARN_COMMA = YES;
				CLANG_WARN_CONSTANT_CONVERSION = YES;
				CLANG_WARN_DEPRECATED_OBJC_IMPLEMENTATIONS = YES;
				CLANG_WARN_DIRECT_OBJC_ISA_USAGE = YES_ERROR;
				CLANG_WARN_DOCUMENTATION_COMMENTS = YES;
				CLANG_WARN_EMPTY_BODY = YES;
				CLANG_WARN_ENUM_CONVERSION = YES;
				CLANG_WARN_INFINITE_RECURSION = YES;
				CLANG_WARN_INT_CONVERSION = YES;
				CLANG_WARN_NON_LITERAL_NULL_CONVERSION = YES;
				CLANG_WARN_OBJC_IMPLICIT_RETAIN_SELF = YES;
				CLANG_WARN_OBJC_LITERAL_CONVERSION = YES;
				CLANG_WARN_OBJC_ROOT_CLASS = YES_ERROR;
				CLANG_WARN_RANGE_LOOP_ANALYSIS = YES;
				CLANG_WARN_STRICT_PROTOTYPES = YES;
				CLANG_WARN_SUSPICIOUS_MOVE = YES;
				CLANG_WARN_UNGUARDED_AVAILABILITY = YES_AGGRESSIVE;
				CLANG_WARN_UNREACHABLE_CODE = YES;
				CLANG_WARN__DUPLICATE_METHOD_MATCH = YES;
				CODE_SIGN_IDENTITY = "iPhone Developer";
				COPY_PHASE_STRIP = NO;
				DEBUG_INFORMATION_FORMAT = "dwarf-with-dsym";
				ENABLE_BITCODE = NO;
				ENABLE_NS_ASSERTIONS = NO;
				ENABLE_STRICT_OBJC_MSGSEND = YES;
				GCC_C_LANGUAGE_STANDARD = gnu11;
				GCC_NO_COMMON_BLOCKS = YES;
				GCC_WARN_64_TO_32_BIT_CONVERSION = YES;
				GCC_WARN_ABOUT_RETURN_TYPE = YES_ERROR;
				GCC_WARN_UNDECLARED_SELECTOR = YES;
				GCC_WARN_UNINITIALIZED_AUTOS = YES_AGGRESSIVE;
				GCC_WARN_UNUSED_FUNCTION = YES;
				GCC_WARN_UNUSED_VARIABLE = YES;
				IPHONEOS_DEPLOYMENT_TARGET = 12.1;
				MTL_ENABLE_DEBUG_INFO = NO;
				OTHER_CFLAGS = "";
				SDKROOT = iphoneos;
				SWIFT_COMPILATION_MODE = wholemodule;
				SWIFT_OPTIMIZATION_LEVEL = "-O";
				VALIDATE_PRODUCT = YES;
			};
			name = Release;
		};
		375587D5209E086D00594532 /* Debug */ = {
			isa = XCBuildConfiguration;
			baseConfigurationReference = 863CAE274477E894C42E1381 /* Pods-ARISES.debug.xcconfig */;
			buildSettings = {
				ASSETCATALOG_COMPILER_APPICON_NAME = AppIcon;
				CLANG_ENABLE_OBJC_WEAK = YES;
				CODE_SIGN_IDENTITY = "iPhone Developer";
				CODE_SIGN_STYLE = Automatic;
				DEFINES_MODULE = YES;
				DEVELOPMENT_TEAM = 3HQG9T963Q;
				FRAMEWORK_SEARCH_PATHS = (
					"$(inherited)",
					"$(PROJECT_DIR)",
				);
				INFOPLIST_FILE = ARISES/Info.plist;
				IPHONEOS_DEPLOYMENT_TARGET = 12.1;
				LD_RUNPATH_SEARCH_PATHS = (
					"$(inherited)",
					"@executable_path/Frameworks",
				);
				PRODUCT_BUNDLE_IDENTIFIER = ARISES;
				PRODUCT_NAME = "$(TARGET_NAME)";
				PROVISIONING_PROFILE_SPECIFIER = "";
				SWIFT_OBJC_BRIDGING_HEADER = "CGMBLEKit/ARISES-Bridging-Header.h";
				SWIFT_VERSION = 4.2;
				TARGETED_DEVICE_FAMILY = "1,2";
			};
			name = Debug;
		};
		375587D6209E086D00594532 /* Release */ = {
			isa = XCBuildConfiguration;
			baseConfigurationReference = E37BF63307A2A5AF11BA9831 /* Pods-ARISES.release.xcconfig */;
			buildSettings = {
				ASSETCATALOG_COMPILER_APPICON_NAME = AppIcon;
				CLANG_ENABLE_OBJC_WEAK = YES;
				CODE_SIGN_IDENTITY = "iPhone Developer";
				CODE_SIGN_STYLE = Automatic;
				DEFINES_MODULE = YES;
				DEVELOPMENT_TEAM = 3HQG9T963Q;
				ENABLE_TESTABILITY = YES;
				FRAMEWORK_SEARCH_PATHS = (
					"$(inherited)",
					"$(PROJECT_DIR)",
				);
				INFOPLIST_FILE = ARISES/Info.plist;
				IPHONEOS_DEPLOYMENT_TARGET = 12.1;
				LD_RUNPATH_SEARCH_PATHS = (
					"$(inherited)",
					"@executable_path/Frameworks",
				);
				PRODUCT_BUNDLE_IDENTIFIER = ARISES;
				PRODUCT_NAME = "$(TARGET_NAME)";
				PROVISIONING_PROFILE_SPECIFIER = "";
				SWIFT_OBJC_BRIDGING_HEADER = "CGMBLEKit/ARISES-Bridging-Header.h";
				SWIFT_VERSION = 4.2;
				TARGETED_DEVICE_FAMILY = "1,2";
			};
			name = Release;
		};
/* End XCBuildConfiguration section */

/* Begin XCConfigurationList section */
		373B5ADD22A1EC7C001D8F0D /* Build configuration list for PBXNativeTarget "ARISESTests" */ = {
			isa = XCConfigurationList;
			buildConfigurations = (
				373B5ADB22A1EC7C001D8F0D /* Debug */,
				373B5ADC22A1EC7C001D8F0D /* Release */,
			);
			defaultConfigurationIsVisible = 0;
			defaultConfigurationName = Release;
		};
		375587BD209E086C00594532 /* Build configuration list for PBXProject "ARISES" */ = {
			isa = XCConfigurationList;
			buildConfigurations = (
				375587D2209E086D00594532 /* Debug */,
				375587D3209E086D00594532 /* Release */,
			);
			defaultConfigurationIsVisible = 0;
			defaultConfigurationName = Release;
		};
		375587D4209E086D00594532 /* Build configuration list for PBXNativeTarget "ARISES" */ = {
			isa = XCConfigurationList;
			buildConfigurations = (
				375587D5209E086D00594532 /* Debug */,
				375587D6209E086D00594532 /* Release */,
			);
			defaultConfigurationIsVisible = 0;
			defaultConfigurationName = Release;
		};
/* End XCConfigurationList section */

/* Begin XCVersionGroup section */
		37B568B920B485600014F735 /* ARISES.xcdatamodeld */ = {
			isa = XCVersionGroup;
			children = (
				37B568BA20B485600014F735 /* ARISES.xcdatamodel */,
			);
			currentVersion = 37B568BA20B485600014F735 /* ARISES.xcdatamodel */;
			path = ARISES.xcdatamodeld;
			sourceTree = "<group>";
			versionGroupType = wrapper.xcdatamodel;
		};
/* End XCVersionGroup section */
	};
	rootObject = 375587BA209E086C00594532 /* Project object */;
}
